
Microsoft Visual Studio Solution File, Format Version 11.00
# Visual Studio Version 16
Project("{8BC9CEB8-8B4A-11D0-8D11-00A0C91BC942}") = "3d", "3d.vcxproj", "{787B9047-6F07-4EC6-8516-3F5AF94530C4}"
EndProject
Project("{8BC9CEB8-8B4A-11D0-8D11-00A0C91BC942}") = "asyncio", "asyncio.vcxproj", "{C3021AD7-B071-42F7-82B6-E23BEBEE3124}"
EndProject
Project("{8BC9CEB8-8B4A-11D0-8D11-00A0C91BC942}") = "channel_groups", "channel_groups.vcxproj", "{572A2077-2531-458F-A180-B02DA34BE0F5}"
EndProject
Project("{8BC9CEB8-8B4A-11D0-8D11-00A0C91BC942}") = "convolution_reverb", "convolution_reverb.vcxproj", "{5CE8D3B5-5E45-45D5-B538-608BD19E1CCD}"
EndProject
Project("{8BC9CEB8-8B4A-11D0-8D11-00A0C91BC942}") = "dsp_custom", "dsp_custom.vcxproj", "{BFF58F21-81BB-4464-B8DD-394CF5928542}"
EndProject
Project("{8BC9CEB8-8B4A-11D0-8D11-00A0C91BC942}") = "dsp_effect_per_speaker", "dsp_effect_per_speaker.vcxproj", "{FE2D5890-AF1E-4266-95FE-110E68110C7B}"
EndProject
Project("{8BC9CEB8-8B4A-11D0-8D11-00A0C91BC942}") = "dsp_inspector", "dsp_inspector.vcxproj", "{7187C819-46E3-4B80-A145-F2C6D78F2F4C}"
EndProject
Project("{8BC9CEB8-8B4A-11D0-8D11-00A0C91BC942}") = "effects", "effects.vcxproj", "{3A5EAD78-0B7C-465A-979B-0AD831C41C06}"
EndProject
Project("{8BC9CEB8-8B4A-11D0-8D11-00A0C91BC942}") = "gapless_playback", "gapless_playback.vcxproj", "{0CF3B84A-CE0C-451A-91B8-864AFAD1259B}"
EndProject
Project("{8BC9CEB8-8B4A-11D0-8D11-00A0C91BC942}") = "generate_tone", "generate_tone.vcxproj", "{BDC8347E-A726-4125-A520-645313EA975A}"
EndProject
Project("{8BC9CEB8-8B4A-11D0-8D11-00A0C91BC942}") = "granular_synth", "granular_synth.vcxproj", "{65B2B378-5036-445B-822E-1329F093D012}"
EndProject
Project("{8BC9CEB8-8B4A-11D0-8D11-00A0C91BC942}") = "load_from_memory", "load_from_memory.vcxproj", "{09B077DC-250B-4D73-9464-A23B05148139}"
EndProject
Project("{8BC9CEB8-8B4A-11D0-8D11-00A0C91BC942}") = "multiple_speaker", "multiple_speaker.vcxproj", "{9B0E18CE-9E97-475A-A020-3CBD641E23DF}"
EndProject
Project("{8BC9CEB8-8B4A-11D0-8D11-00A0C91BC942}") = "multiple_system", "multiple_system.vcxproj", "{CBEB37A6-0B5E-429E-9171-103DC7F0302A}"
EndProject
Project("{8BC9CEB8-8B4A-11D0-8D11-00A0C91BC942}") = "net_stream", "net_stream.vcxproj", "{73D1F4FB-CCFB-420E-B0FB-DE5FCCB90C14}"
EndProject
Project("{8BC9CEB8-8B4A-11D0-8D11-00A0C91BC942}") = "play_sound", "play_sound.vcxproj", "{2E3C16DB-5909-4AA3-9F6B-72D89206D600}"
EndProject
Project("{8BC9CEB8-8B4A-11D0-8D11-00A0C91BC942}") = "play_stream", "play_stream.vcxproj", "{E6F75275-0122-4D8F-A09B-9A4D87C20FC1}"
EndProject
Project("{8BC9CEB8-8B4A-11D0-8D11-00A0C91BC942}") = "record", "record.vcxproj", "{31A5985E-9B3D-4FB5-8FFD-4A4B7F681B06}"
EndProject
Project("{8BC9CEB8-8B4A-11D0-8D11-00A0C91BC942}") = "record_enumeration", "record_enumeration.vcxproj", "{C56F7740-B8B1-47A3-B645-1494140CE88E}"
EndProject
Project("{8BC9CEB8-8B4A-11D0-8D11-00A0C91BC942}") = "user_created_sound", "user_created_sound.vcxproj", "{64F017D5-527A-413B-8AE5-5B2BDCBC39BE}"
EndProject
Project("{8BC9CEB8-8B4A-11D0-8D11-00A0C91BC942}") = "fmod_codec_raw", "fmod_codec_raw.vcxproj", "{246C70B2-1D76-45F6-A491-F53F9113D4F0}"
EndProject
Project("{8BC9CEB8-8B4A-11D0-8D11-00A0C91BC942}") = "fmod_distance_filter", "fmod_distance_filter.vcxproj", "{C7DAD38F-97E4-4AA6-B956-D977965FFAED}"
EndProject
Project("{8BC9CEB8-8B4A-11D0-8D11-00A0C91BC942}") = "fmod_gain", "fmod_gain.vcxproj", "{FF0908FA-6177-4271-BF4F-7BFBFFCAAA34}"
EndProject
Project("{8BC9CEB8-8B4A-11D0-8D11-00A0C91BC942}") = "fmod_noise", "fmod_noise.vcxproj", "{AFEB519B-AFE2-4901-B388-B72BE7C6B762}"
EndProject
Project("{8BC9CEB8-8B4A-11D0-8D11-00A0C91BC942}") = "output_mp3", "output_mp3.vcxproj", "{CD9420A5-35C2-434D-8509-5079FA53E01E}"
EndProject
Global
	GlobalSection(SolutionConfigurationPlatforms) = preSolution
		Debug|Win32 = Debug|Win32
		Debug|x64 = Debug|x64
		Release|Win32 = Release|Win32
		Release|x64 = Release|x64
	EndGlobalSection
	GlobalSection(ProjectConfigurationPlatforms) = postSolution
		{787B9047-6F07-4EC6-8516-3F5AF94530C4}.Debug|Win32.ActiveCfg = Debug|Win32
		{787B9047-6F07-4EC6-8516-3F5AF94530C4}.Debug|Win32.Build.0 = Debug|Win32
		{787B9047-6F07-4EC6-8516-3F5AF94530C4}.Debug|Win32.Deploy.0 = Debug|Win32
		{787B9047-6F07-4EC6-8516-3F5AF94530C4}.Debug|x64.ActiveCfg = Debug|x64
		{787B9047-6F07-4EC6-8516-3F5AF94530C4}.Debug|x64.Build.0 = Debug|x64
		{787B9047-6F07-4EC6-8516-3F5AF94530C4}.Debug|x64.Deploy.0 = Debug|x64
		{787B9047-6F07-4EC6-8516-3F5AF94530C4}.Release|Win32.ActiveCfg = Release|Win32
		{787B9047-6F07-4EC6-8516-3F5AF94530C4}.Release|Win32.Build.0 = Release|Win32
		{787B9047-6F07-4EC6-8516-3F5AF94530C4}.Release|Win32.Deploy.0 = Release|Win32
		{787B9047-6F07-4EC6-8516-3F5AF94530C4}.Release|x64.ActiveCfg = Release|x64
		{787B9047-6F07-4EC6-8516-3F5AF94530C4}.Release|x64.Build.0 = Release|x64
		{787B9047-6F07-4EC6-8516-3F5AF94530C4}.Release|x64.Deploy.0 = Release|x64
		{C3021AD7-B071-42F7-82B6-E23BEBEE3124}.Debug|Win32.ActiveCfg = Debug|Win32
		{C3021AD7-B071-42F7-82B6-E23BEBEE3124}.Debug|Win32.Build.0 = Debug|Win32
		{C3021AD7-B071-42F7-82B6-E23BEBEE3124}.Debug|Win32.Deploy.0 = Debug|Win32
		{C3021AD7-B071-42F7-82B6-E23BEBEE3124}.Debug|x64.ActiveCfg = Debug|x64
		{C3021AD7-B071-42F7-82B6-E23BEBEE3124}.Debug|x64.Build.0 = Debug|x64
		{C3021AD7-B071-42F7-82B6-E23BEBEE3124}.Debug|x64.Deploy.0 = Debug|x64
		{C3021AD7-B071-42F7-82B6-E23BEBEE3124}.Release|Win32.ActiveCfg = Release|Win32
		{C3021AD7-B071-42F7-82B6-E23BEBEE3124}.Release|Win32.Build.0 = Release|Win32
		{C3021AD7-B071-42F7-82B6-E23BEBEE3124}.Release|Win32.Deploy.0 = Release|Win32
		{C3021AD7-B071-42F7-82B6-E23BEBEE3124}.Release|x64.ActiveCfg = Release|x64
		{C3021AD7-B071-42F7-82B6-E23BEBEE3124}.Release|x64.Build.0 = Release|x64
		{C3021AD7-B071-42F7-82B6-E23BEBEE3124}.Release|x64.Deploy.0 = Release|x64
		{572A2077-2531-458F-A180-B02DA34BE0F5}.Debug|Win32.ActiveCfg = Debug|Win32
		{572A2077-2531-458F-A180-B02DA34BE0F5}.Debug|Win32.Build.0 = Debug|Win32
		{572A2077-2531-458F-A180-B02DA34BE0F5}.Debug|Win32.Deploy.0 = Debug|Win32
		{572A2077-2531-458F-A180-B02DA34BE0F5}.Debug|x64.ActiveCfg = Debug|x64
		{572A2077-2531-458F-A180-B02DA34BE0F5}.Debug|x64.Build.0 = Debug|x64
		{572A2077-2531-458F-A180-B02DA34BE0F5}.Debug|x64.Deploy.0 = Debug|x64
		{572A2077-2531-458F-A180-B02DA34BE0F5}.Release|Win32.ActiveCfg = Release|Win32
		{572A2077-2531-458F-A180-B02DA34BE0F5}.Release|Win32.Build.0 = Release|Win32
		{572A2077-2531-458F-A180-B02DA34BE0F5}.Release|Win32.Deploy.0 = Release|Win32
		{572A2077-2531-458F-A180-B02DA34BE0F5}.Release|x64.ActiveCfg = Release|x64
		{572A2077-2531-458F-A180-B02DA34BE0F5}.Release|x64.Build.0 = Release|x64
		{572A2077-2531-458F-A180-B02DA34BE0F5}.Release|x64.Deploy.0 = Release|x64
		{5CE8D3B5-5E45-45D5-B538-608BD19E1CCD}.Debug|Win32.ActiveCfg = Debug|Win32
		{5CE8D3B5-5E45-45D5-B538-608BD19E1CCD}.Debug|Win32.Build.0 = Debug|Win32
		{5CE8D3B5-5E45-45D5-B538-608BD19E1CCD}.Debug|Win32.Deploy.0 = Debug|Win32
		{5CE8D3B5-5E45-45D5-B538-608BD19E1CCD}.Debug|x64.ActiveCfg = Debug|x64
		{5CE8D3B5-5E45-45D5-B538-608BD19E1CCD}.Debug|x64.Build.0 = Debug|x64
		{5CE8D3B5-5E45-45D5-B538-608BD19E1CCD}.Debug|x64.Deploy.0 = Debug|x64
		{5CE8D3B5-5E45-45D5-B538-608BD19E1CCD}.Release|Win32.ActiveCfg = Release|Win32
		{5CE8D3B5-5E45-45D5-B538-608BD19E1CCD}.Release|Win32.Build.0 = Release|Win32
		{5CE8D3B5-5E45-45D5-B538-608BD19E1CCD}.Release|Win32.Deploy.0 = Release|Win32
		{5CE8D3B5-5E45-45D5-B538-608BD19E1CCD}.Release|x64.ActiveCfg = Release|x64
		{5CE8D3B5-5E45-45D5-B538-608BD19E1CCD}.Release|x64.Build.0 = Release|x64
		{5CE8D3B5-5E45-45D5-B538-608BD19E1CCD}.Release|x64.Deploy.0 = Release|x64
		{BFF58F21-81BB-4464-B8DD-394CF5928542}.Debug|Win32.ActiveCfg = Debug|Win32
		{BFF58F21-81BB-4464-B8DD-394CF5928542}.Debug|Win32.Build.0 = Debug|Win32
		{BFF58F21-81BB-4464-B8DD-394CF5928542}.Debug|Win32.Deploy.0 = Debug|Win32
		{BFF58F21-81BB-4464-B8DD-394CF5928542}.Debug|x64.ActiveCfg = Debug|x64
		{BFF58F21-81BB-4464-B8DD-394CF5928542}.Debug|x64.Build.0 = Debug|x64
		{BFF58F21-81BB-4464-B8DD-394CF5928542}.Debug|x64.Deploy.0 = Debug|x64
		{BFF58F21-81BB-4464-B8DD-394CF5928542}.Release|Win32.ActiveCfg = Release|Win32
		{BFF58F21-81BB-4464-B8DD-394CF5928542}.Release|Win32.Build.0 = Release|Win32
		{BFF58F21-81BB-4464-B8DD-394CF5928542}.Release|Win32.Deploy.0 = Release|Win32
		{BFF58F21-81BB-4464-B8DD-394CF5928542}.Release|x64.ActiveCfg = Release|x64
		{BFF58F21-81BB-4464-B8DD-394CF5928542}.Release|x64.Build.0 = Release|x64
		{BFF58F21-81BB-4464-B8DD-394CF5928542}.Release|x64.Deploy.0 = Release|x64
		{FE2D5890-AF1E-4266-95FE-110E68110C7B}.Debug|Win32.ActiveCfg = Debug|Win32
		{FE2D5890-AF1E-4266-95FE-110E68110C7B}.Debug|Win32.Build.0 = Debug|Win32
		{FE2D5890-AF1E-4266-95FE-110E68110C7B}.Debug|Win32.Deploy.0 = Debug|Win32
		{FE2D5890-AF1E-4266-95FE-110E68110C7B}.Debug|x64.ActiveCfg = Debug|x64
		{FE2D5890-AF1E-4266-95FE-110E68110C7B}.Debug|x64.Build.0 = Debug|x64
		{FE2D5890-AF1E-4266-95FE-110E68110C7B}.Debug|x64.Deploy.0 = Debug|x64
		{FE2D5890-AF1E-4266-95FE-110E68110C7B}.Release|Win32.ActiveCfg = Release|Win32
		{FE2D5890-AF1E-4266-95FE-110E68110C7B}.Release|Win32.Build.0 = Release|Win32
		{FE2D5890-AF1E-4266-95FE-110E68110C7B}.Release|Win32.Deploy.0 = Release|Win32
		{FE2D5890-AF1E-4266-95FE-110E68110C7B}.Release|x64.ActiveCfg = Release|x64
		{FE2D5890-AF1E-4266-95FE-110E68110C7B}.Release|x64.Build.0 = Release|x64
		{FE2D5890-AF1E-4266-95FE-110E68110C7B}.Release|x64.Deploy.0 = Release|x64
		{7187C819-46E3-4B80-A145-F2C6D78F2F4C}.Debug|Win32.ActiveCfg = Debug|Win32
		{7187C819-46E3-4B80-A145-F2C6D78F2F4C}.Debug|Win32.Build.0 = Debug|Win32
		{7187C819-46E3-4B80-A145-F2C6D78F2F4C}.Debug|Win32.Deploy.0 = Debug|Win32
		{7187C819-46E3-4B80-A145-F2C6D78F2F4C}.Debug|x64.ActiveCfg = Debug|x64
		{7187C819-46E3-4B80-A145-F2C6D78F2F4C}.Debug|x64.Build.0 = Debug|x64
		{7187C819-46E3-4B80-A145-F2C6D78F2F4C}.Debug|x64.Deploy.0 = Debug|x64
		{7187C819-46E3-4B80-A145-F2C6D78F2F4C}.Release|Win32.ActiveCfg = Release|Win32
		{7187C819-46E3-4B80-A145-F2C6D78F2F4C}.Release|Win32.Build.0 = Release|Win32
		{7187C819-46E3-4B80-A145-F2C6D78F2F4C}.Release|Win32.Deploy.0 = Release|Win32
		{7187C819-46E3-4B80-A145-F2C6D78F2F4C}.Release|x64.ActiveCfg = Release|x64
		{7187C819-46E3-4B80-A145-F2C6D78F2F4C}.Release|x64.Build.0 = Release|x64
		{7187C819-46E3-4B80-A145-F2C6D78F2F4C}.Release|x64.Deploy.0 = Release|x64
		{3A5EAD78-0B7C-465A-979B-0AD831C41C06}.Debug|Win32.ActiveCfg = Debug|Win32
		{3A5EAD78-0B7C-465A-979B-0AD831C41C06}.Debug|Win32.Build.0 = Debug|Win32
		{3A5EAD78-0B7C-465A-979B-0AD831C41C06}.Debug|Win32.Deploy.0 = Debug|Win32
		{3A5EAD78-0B7C-465A-979B-0AD831C41C06}.Debug|x64.ActiveCfg = Debug|x64
		{3A5EAD78-0B7C-465A-979B-0AD831C41C06}.Debug|x64.Build.0 = Debug|x64
		{3A5EAD78-0B7C-465A-979B-0AD831C41C06}.Debug|x64.Deploy.0 = Debug|x64
		{3A5EAD78-0B7C-465A-979B-0AD831C41C06}.Release|Win32.ActiveCfg = Release|Win32
		{3A5EAD78-0B7C-465A-979B-0AD831C41C06}.Release|Win32.Build.0 = Release|Win32
		{3A5EAD78-0B7C-465A-979B-0AD831C41C06}.Release|Win32.Deploy.0 = Release|Win32
		{3A5EAD78-0B7C-465A-979B-0AD831C41C06}.Release|x64.ActiveCfg = Release|x64
		{3A5EAD78-0B7C-465A-979B-0AD831C41C06}.Release|x64.Build.0 = Release|x64
		{3A5EAD78-0B7C-465A-979B-0AD831C41C06}.Release|x64.Deploy.0 = Release|x64
		{0CF3B84A-CE0C-451A-91B8-864AFAD1259B}.Debug|Win32.ActiveCfg = Debug|Win32
		{0CF3B84A-CE0C-451A-91B8-864AFAD1259B}.Debug|Win32.Build.0 = Debug|Win32
		{0CF3B84A-CE0C-451A-91B8-864AFAD1259B}.Debug|Win32.Deploy.0 = Debug|Win32
		{0CF3B84A-CE0C-451A-91B8-864AFAD1259B}.Debug|x64.ActiveCfg = Debug|x64
		{0CF3B84A-CE0C-451A-91B8-864AFAD1259B}.Debug|x64.Build.0 = Debug|x64
		{0CF3B84A-CE0C-451A-91B8-864AFAD1259B}.Debug|x64.Deploy.0 = Debug|x64
		{0CF3B84A-CE0C-451A-91B8-864AFAD1259B}.Release|Win32.ActiveCfg = Release|Win32
		{0CF3B84A-CE0C-451A-91B8-864AFAD1259B}.Release|Win32.Build.0 = Release|Win32
		{0CF3B84A-CE0C-451A-91B8-864AFAD1259B}.Release|Win32.Deploy.0 = Release|Win32
		{0CF3B84A-CE0C-451A-91B8-864AFAD1259B}.Release|x64.ActiveCfg = Release|x64
		{0CF3B84A-CE0C-451A-91B8-864AFAD1259B}.Release|x64.Build.0 = Release|x64
		{0CF3B84A-CE0C-451A-91B8-864AFAD1259B}.Release|x64.Deploy.0 = Release|x64
		{BDC8347E-A726-4125-A520-645313EA975A}.Debug|Win32.ActiveCfg = Debug|Win32
		{BDC8347E-A726-4125-A520-645313EA975A}.Debug|Win32.Build.0 = Debug|Win32
		{BDC8347E-A726-4125-A520-645313EA975A}.Debug|Win32.Deploy.0 = Debug|Win32
		{BDC8347E-A726-4125-A520-645313EA975A}.Debug|x64.ActiveCfg = Debug|x64
		{BDC8347E-A726-4125-A520-645313EA975A}.Debug|x64.Build.0 = Debug|x64
		{BDC8347E-A726-4125-A520-645313EA975A}.Debug|x64.Deploy.0 = Debug|x64
		{BDC8347E-A726-4125-A520-645313EA975A}.Release|Win32.ActiveCfg = Release|Win32
		{BDC8347E-A726-4125-A520-645313EA975A}.Release|Win32.Build.0 = Release|Win32
		{BDC8347E-A726-4125-A520-645313EA975A}.Release|Win32.Deploy.0 = Release|Win32
		{BDC8347E-A726-4125-A520-645313EA975A}.Release|x64.ActiveCfg = Release|x64
		{BDC8347E-A726-4125-A520-645313EA975A}.Release|x64.Build.0 = Release|x64
		{BDC8347E-A726-4125-A520-645313EA975A}.Release|x64.Deploy.0 = Release|x64
		{65B2B378-5036-445B-822E-1329F093D012}.Debug|Win32.ActiveCfg = Debug|Win32
		{65B2B378-5036-445B-822E-1329F093D012}.Debug|Win32.Build.0 = Debug|Win32
		{65B2B378-5036-445B-822E-1329F093D012}.Debug|Win32.Deploy.0 = Debug|Win32
		{65B2B378-5036-445B-822E-1329F093D012}.Debug|x64.ActiveCfg = Debug|x64
		{65B2B378-5036-445B-822E-1329F093D012}.Debug|x64.Build.0 = Debug|x64
		{65B2B378-5036-445B-822E-1329F093D012}.Debug|x64.Deploy.0 = Debug|x64
		{65B2B378-5036-445B-822E-1329F093D012}.Release|Win32.ActiveCfg = Release|Win32
		{65B2B378-5036-445B-822E-1329F093D012}.Release|Win32.Build.0 = Release|Win32
		{65B2B378-5036-445B-822E-1329F093D012}.Release|Win32.Deploy.0 = Release|Win32
		{65B2B378-5036-445B-822E-1329F093D012}.Release|x64.ActiveCfg = Release|x64
		{65B2B378-5036-445B-822E-1329F093D012}.Release|x64.Build.0 = Release|x64
		{65B2B378-5036-445B-822E-1329F093D012}.Release|x64.Deploy.0 = Release|x64
		{09B077DC-250B-4D73-9464-A23B05148139}.Debug|Win32.ActiveCfg = Debug|Win32
		{09B077DC-250B-4D73-9464-A23B05148139}.Debug|Win32.Build.0 = Debug|Win32
		{09B077DC-250B-4D73-9464-A23B05148139}.Debug|Win32.Deploy.0 = Debug|Win32
		{09B077DC-250B-4D73-9464-A23B05148139}.Debug|x64.ActiveCfg = Debug|x64
		{09B077DC-250B-4D73-9464-A23B05148139}.Debug|x64.Build.0 = Debug|x64
		{09B077DC-250B-4D73-9464-A23B05148139}.Debug|x64.Deploy.0 = Debug|x64
		{09B077DC-250B-4D73-9464-A23B05148139}.Release|Win32.ActiveCfg = Release|Win32
		{09B077DC-250B-4D73-9464-A23B05148139}.Release|Win32.Build.0 = Release|Win32
		{09B077DC-250B-4D73-9464-A23B05148139}.Release|Win32.Deploy.0 = Release|Win32
		{09B077DC-250B-4D73-9464-A23B05148139}.Release|x64.ActiveCfg = Release|x64
		{09B077DC-250B-4D73-9464-A23B05148139}.Release|x64.Build.0 = Release|x64
		{09B077DC-250B-4D73-9464-A23B05148139}.Release|x64.Deploy.0 = Release|x64
		{9B0E18CE-9E97-475A-A020-3CBD641E23DF}.Debug|Win32.ActiveCfg = Debug|Win32
		{9B0E18CE-9E97-475A-A020-3CBD641E23DF}.Debug|Win32.Build.0 = Debug|Win32
		{9B0E18CE-9E97-475A-A020-3CBD641E23DF}.Debug|Win32.Deploy.0 = Debug|Win32
		{9B0E18CE-9E97-475A-A020-3CBD641E23DF}.Debug|x64.ActiveCfg = Debug|x64
		{9B0E18CE-9E97-475A-A020-3CBD641E23DF}.Debug|x64.Build.0 = Debug|x64
		{9B0E18CE-9E97-475A-A020-3CBD641E23DF}.Debug|x64.Deploy.0 = Debug|x64
		{9B0E18CE-9E97-475A-A020-3CBD641E23DF}.Release|Win32.ActiveCfg = Release|Win32
		{9B0E18CE-9E97-475A-A020-3CBD641E23DF}.Release|Win32.Build.0 = Release|Win32
		{9B0E18CE-9E97-475A-A020-3CBD641E23DF}.Release|Win32.Deploy.0 = Release|Win32
		{9B0E18CE-9E97-475A-A020-3CBD641E23DF}.Release|x64.ActiveCfg = Release|x64
		{9B0E18CE-9E97-475A-A020-3CBD641E23DF}.Release|x64.Build.0 = Release|x64
		{9B0E18CE-9E97-475A-A020-3CBD641E23DF}.Release|x64.Deploy.0 = Release|x64
		{CBEB37A6-0B5E-429E-9171-103DC7F0302A}.Debug|Win32.ActiveCfg = Debug|Win32
		{CBEB37A6-0B5E-429E-9171-103DC7F0302A}.Debug|Win32.Build.0 = Debug|Win32
		{CBEB37A6-0B5E-429E-9171-103DC7F0302A}.Debug|Win32.Deploy.0 = Debug|Win32
		{CBEB37A6-0B5E-429E-9171-103DC7F0302A}.Debug|x64.ActiveCfg = Debug|x64
		{CBEB37A6-0B5E-429E-9171-103DC7F0302A}.Debug|x64.Build.0 = Debug|x64
		{CBEB37A6-0B5E-429E-9171-103DC7F0302A}.Debug|x64.Deploy.0 = Debug|x64
		{CBEB37A6-0B5E-429E-9171-103DC7F0302A}.Release|Win32.ActiveCfg = Release|Win32
		{CBEB37A6-0B5E-429E-9171-103DC7F0302A}.Release|Win32.Build.0 = Release|Win32
		{CBEB37A6-0B5E-429E-9171-103DC7F0302A}.Release|Win32.Deploy.0 = Release|Win32
		{CBEB37A6-0B5E-429E-9171-103DC7F0302A}.Release|x64.ActiveCfg = Release|x64
		{CBEB37A6-0B5E-429E-9171-103DC7F0302A}.Release|x64.Build.0 = Release|x64
		{CBEB37A6-0B5E-429E-9171-103DC7F0302A}.Release|x64.Deploy.0 = Release|x64
		{73D1F4FB-CCFB-420E-B0FB-DE5FCCB90C14}.Debug|Win32.ActiveCfg = Debug|Win32
		{73D1F4FB-CCFB-420E-B0FB-DE5FCCB90C14}.Debug|Win32.Build.0 = Debug|Win32
		{73D1F4FB-CCFB-420E-B0FB-DE5FCCB90C14}.Debug|Win32.Deploy.0 = Debug|Win32
		{73D1F4FB-CCFB-420E-B0FB-DE5FCCB90C14}.Debug|x64.ActiveCfg = Debug|x64
		{73D1F4FB-CCFB-420E-B0FB-DE5FCCB90C14}.Debug|x64.Build.0 = Debug|x64
		{73D1F4FB-CCFB-420E-B0FB-DE5FCCB90C14}.Debug|x64.Deploy.0 = Debug|x64
		{73D1F4FB-CCFB-420E-B0FB-DE5FCCB90C14}.Release|Win32.ActiveCfg = Release|Win32
		{73D1F4FB-CCFB-420E-B0FB-DE5FCCB90C14}.Release|Win32.Build.0 = Release|Win32
		{73D1F4FB-CCFB-420E-B0FB-DE5FCCB90C14}.Release|Win32.Deploy.0 = Release|Win32
		{73D1F4FB-CCFB-420E-B0FB-DE5FCCB90C14}.Release|x64.ActiveCfg = Release|x64
		{73D1F4FB-CCFB-420E-B0FB-DE5FCCB90C14}.Release|x64.Build.0 = Release|x64
		{73D1F4FB-CCFB-420E-B0FB-DE5FCCB90C14}.Release|x64.Deploy.0 = Release|x64
		{2E3C16DB-5909-4AA3-9F6B-72D89206D600}.Debug|Win32.ActiveCfg = Debug|Win32
		{2E3C16DB-5909-4AA3-9F6B-72D89206D600}.Debug|Win32.Build.0 = Debug|Win32
		{2E3C16DB-5909-4AA3-9F6B-72D89206D600}.Debug|Win32.Deploy.0 = Debug|Win32
		{2E3C16DB-5909-4AA3-9F6B-72D89206D600}.Debug|x64.ActiveCfg = Debug|x64
		{2E3C16DB-5909-4AA3-9F6B-72D89206D600}.Debug|x64.Build.0 = Debug|x64
		{2E3C16DB-5909-4AA3-9F6B-72D89206D600}.Debug|x64.Deploy.0 = Debug|x64
		{2E3C16DB-5909-4AA3-9F6B-72D89206D600}.Release|Win32.ActiveCfg = Release|Win32
		{2E3C16DB-5909-4AA3-9F6B-72D89206D600}.Release|Win32.Build.0 = Release|Win32
		{2E3C16DB-5909-4AA3-9F6B-72D89206D600}.Release|Win32.Deploy.0 = Release|Win32
		{2E3C16DB-5909-4AA3-9F6B-72D89206D600}.Release|x64.ActiveCfg = Release|x64
		{2E3C16DB-5909-4AA3-9F6B-72D89206D600}.Release|x64.Build.0 = Release|x64
		{2E3C16DB-5909-4AA3-9F6B-72D89206D600}.Release|x64.Deploy.0 = Release|x64
		{E6F75275-0122-4D8F-A09B-9A4D87C20FC1}.Debug|Win32.ActiveCfg = Debug|Win32
		{E6F75275-0122-4D8F-A09B-9A4D87C20FC1}.Debug|Win32.Build.0 = Debug|Win32
		{E6F75275-0122-4D8F-A09B-9A4D87C20FC1}.Debug|Win32.Deploy.0 = Debug|Win32
		{E6F75275-0122-4D8F-A09B-9A4D87C20FC1}.Debug|x64.ActiveCfg = Debug|x64
		{E6F75275-0122-4D8F-A09B-9A4D87C20FC1}.Debug|x64.Build.0 = Debug|x64
		{E6F75275-0122-4D8F-A09B-9A4D87C20FC1}.Debug|x64.Deploy.0 = Debug|x64
		{E6F75275-0122-4D8F-A09B-9A4D87C20FC1}.Release|Win32.ActiveCfg = Release|Win32
		{E6F75275-0122-4D8F-A09B-9A4D87C20FC1}.Release|Win32.Build.0 = Release|Win32
		{E6F75275-0122-4D8F-A09B-9A4D87C20FC1}.Release|Win32.Deploy.0 = Release|Win32
		{E6F75275-0122-4D8F-A09B-9A4D87C20FC1}.Release|x64.ActiveCfg = Release|x64
		{E6F75275-0122-4D8F-A09B-9A4D87C20FC1}.Release|x64.Build.0 = Release|x64
		{E6F75275-0122-4D8F-A09B-9A4D87C20FC1}.Release|x64.Deploy.0 = Release|x64
		{31A5985E-9B3D-4FB5-8FFD-4A4B7F681B06}.Debug|Win32.ActiveCfg = Debug|Win32
		{31A5985E-9B3D-4FB5-8FFD-4A4B7F681B06}.Debug|Win32.Build.0 = Debug|Win32
		{31A5985E-9B3D-4FB5-8FFD-4A4B7F681B06}.Debug|Win32.Deploy.0 = Debug|Win32
		{31A5985E-9B3D-4FB5-8FFD-4A4B7F681B06}.Debug|x64.ActiveCfg = Debug|x64
		{31A5985E-9B3D-4FB5-8FFD-4A4B7F681B06}.Debug|x64.Build.0 = Debug|x64
		{31A5985E-9B3D-4FB5-8FFD-4A4B7F681B06}.Debug|x64.Deploy.0 = Debug|x64
		{31A5985E-9B3D-4FB5-8FFD-4A4B7F681B06}.Release|Win32.ActiveCfg = Release|Win32
		{31A5985E-9B3D-4FB5-8FFD-4A4B7F681B06}.Release|Win32.Build.0 = Release|Win32
		{31A5985E-9B3D-4FB5-8FFD-4A4B7F681B06}.Release|Win32.Deploy.0 = Release|Win32
		{31A5985E-9B3D-4FB5-8FFD-4A4B7F681B06}.Release|x64.ActiveCfg = Release|x64
		{31A5985E-9B3D-4FB5-8FFD-4A4B7F681B06}.Release|x64.Build.0 = Release|x64
		{31A5985E-9B3D-4FB5-8FFD-4A4B7F681B06}.Release|x64.Deploy.0 = Release|x64
		{C56F7740-B8B1-47A3-B645-1494140CE88E}.Debug|Win32.ActiveCfg = Debug|Win32
		{C56F7740-B8B1-47A3-B645-1494140CE88E}.Debug|Win32.Build.0 = Debug|Win32
		{C56F7740-B8B1-47A3-B645-1494140CE88E}.Debug|Win32.Deploy.0 = Debug|Win32
		{C56F7740-B8B1-47A3-B645-1494140CE88E}.Debug|x64.ActiveCfg = Debug|x64
		{C56F7740-B8B1-47A3-B645-1494140CE88E}.Debug|x64.Build.0 = Debug|x64
		{C56F7740-B8B1-47A3-B645-1494140CE88E}.Debug|x64.Deploy.0 = Debug|x64
		{C56F7740-B8B1-47A3-B645-1494140CE88E}.Release|Win32.ActiveCfg = Release|Win32
		{C56F7740-B8B1-47A3-B645-1494140CE88E}.Release|Win32.Build.0 = Release|Win32
		{C56F7740-B8B1-47A3-B645-1494140CE88E}.Release|Win32.Deploy.0 = Release|Win32
		{C56F7740-B8B1-47A3-B645-1494140CE88E}.Release|x64.ActiveCfg = Release|x64
		{C56F7740-B8B1-47A3-B645-1494140CE88E}.Release|x64.Build.0 = Release|x64
		{C56F7740-B8B1-47A3-B645-1494140CE88E}.Release|x64.Deploy.0 = Release|x64
		{64F017D5-527A-413B-8AE5-5B2BDCBC39BE}.Debug|Win32.ActiveCfg = Debug|Win32
		{64F017D5-527A-413B-8AE5-5B2BDCBC39BE}.Debug|Win32.Build.0 = Debug|Win32
		{64F017D5-527A-413B-8AE5-5B2BDCBC39BE}.Debug|Win32.Deploy.0 = Debug|Win32
		{64F017D5-527A-413B-8AE5-5B2BDCBC39BE}.Debug|x64.ActiveCfg = Debug|x64
		{64F017D5-527A-413B-8AE5-5B2BDCBC39BE}.Debug|x64.Build.0 = Debug|x64
		{64F017D5-527A-413B-8AE5-5B2BDCBC39BE}.Debug|x64.Deploy.0 = Debug|x64
		{64F017D5-527A-413B-8AE5-5B2BDCBC39BE}.Release|Win32.ActiveCfg = Release|Win32
		{64F017D5-527A-413B-8AE5-5B2BDCBC39BE}.Release|Win32.Build.0 = Release|Win32
		{64F017D5-527A-413B-8AE5-5B2BDCBC39BE}.Release|Win32.Deploy.0 = Release|Win32
		{64F017D5-527A-413B-8AE5-5B2BDCBC39BE}.Release|x64.ActiveCfg = Release|x64
		{64F017D5-527A-413B-8AE5-5B2BDCBC39BE}.Release|x64.Build.0 = Release|x64
		{64F017D5-527A-413B-8AE5-5B2BDCBC39BE}.Release|x64.Deploy.0 = Release|x64
		{246C70B2-1D76-45F6-A491-F53F9113D4F0}.Debug|Win32.ActiveCfg = Debug|Win32
		{246C70B2-1D76-45F6-A491-F53F9113D4F0}.Debug|Win32.Build.0 = Debug|Win32
		{246C70B2-1D76-45F6-A491-F53F9113D4F0}.Debug|Win32.Deploy.0 = Debug|Win32
		{246C70B2-1D76-45F6-A491-F53F9113D4F0}.Debug|x64.ActiveCfg = Debug|x64
		{246C70B2-1D76-45F6-A491-F53F9113D4F0}.Debug|x64.Build.0 = Debug|x64
		{246C70B2-1D76-45F6-A491-F53F9113D4F0}.Debug|x64.Deploy.0 = Debug|x64
		{246C70B2-1D76-45F6-A491-F53F9113D4F0}.Release|Win32.ActiveCfg = Release|Win32
		{246C70B2-1D76-45F6-A491-F53F9113D4F0}.Release|Win32.Build.0 = Release|Win32
		{246C70B2-1D76-45F6-A491-F53F9113D4F0}.Release|Win32.Deploy.0 = Release|Win32
		{246C70B2-1D76-45F6-A491-F53F9113D4F0}.Release|x64.ActiveCfg = Release|x64
		{246C70B2-1D76-45F6-A491-F53F9113D4F0}.Release|x64.Build.0 = Release|x64
		{246C70B2-1D76-45F6-A491-F53F9113D4F0}.Release|x64.Deploy.0 = Release|x64
		{C7DAD38F-97E4-4AA6-B956-D977965FFAED}.Debug|Win32.ActiveCfg = Debug|Win32
		{C7DAD38F-97E4-4AA6-B956-D977965FFAED}.Debug|Win32.Build.0 = Debug|Win32
		{C7DAD38F-97E4-4AA6-B956-D977965FFAED}.Debug|Win32.Deploy.0 = Debug|Win32
		{C7DAD38F-97E4-4AA6-B956-D977965FFAED}.Debug|x64.ActiveCfg = Debug|x64
		{C7DAD38F-97E4-4AA6-B956-D977965FFAED}.Debug|x64.Build.0 = Debug|x64
		{C7DAD38F-97E4-4AA6-B956-D977965FFAED}.Debug|x64.Deploy.0 = Debug|x64
		{C7DAD38F-97E4-4AA6-B956-D977965FFAED}.Release|Win32.ActiveCfg = Release|Win32
		{C7DAD38F-97E4-4AA6-B956-D977965FFAED}.Release|Win32.Build.0 = Release|Win32
		{C7DAD38F-97E4-4AA6-B956-D977965FFAED}.Release|Win32.Deploy.0 = Release|Win32
		{C7DAD38F-97E4-4AA6-B956-D977965FFAED}.Release|x64.ActiveCfg = Release|x64
		{C7DAD38F-97E4-4AA6-B956-D977965FFAED}.Release|x64.Build.0 = Release|x64
		{C7DAD38F-97E4-4AA6-B956-D977965FFAED}.Release|x64.Deploy.0 = Release|x64
		{FF0908FA-6177-4271-BF4F-7BFBFFCAAA34}.Debug|Win32.ActiveCfg = Debug|Win32
		{FF0908FA-6177-4271-BF4F-7BFBFFCAAA34}.Debug|Win32.Build.0 = Debug|Win32
		{FF0908FA-6177-4271-BF4F-7BFBFFCAAA34}.Debug|Win32.Deploy.0 = Debug|Win32
		{FF0908FA-6177-4271-BF4F-7BFBFFCAAA34}.Debug|x64.ActiveCfg = Debug|x64
		{FF0908FA-6177-4271-BF4F-7BFBFFCAAA34}.Debug|x64.Build.0 = Debug|x64
		{FF0908FA-6177-4271-BF4F-7BFBFFCAAA34}.Debug|x64.Deploy.0 = Debug|x64
		{FF0908FA-6177-4271-BF4F-7BFBFFCAAA34}.Release|Win32.ActiveCfg = Release|Win32
		{FF0908FA-6177-4271-BF4F-7BFBFFCAAA34}.Release|Win32.Build.0 = Release|Win32
		{FF0908FA-6177-4271-BF4F-7BFBFFCAAA34}.Release|Win32.Deploy.0 = Release|Win32
		{FF0908FA-6177-4271-BF4F-7BFBFFCAAA34}.Release|x64.ActiveCfg = Release|x64
		{FF0908FA-6177-4271-BF4F-7BFBFFCAAA34}.Release|x64.Build.0 = Release|x64
		{FF0908FA-6177-4271-BF4F-7BFBFFCAAA34}.Release|x64.Deploy.0 = Release|x64
		{AFEB519B-AFE2-4901-B388-B72BE7C6B762}.Debug|Win32.ActiveCfg = Debug|Win32
		{AFEB519B-AFE2-4901-B388-B72BE7C6B762}.Debug|Win32.Build.0 = Debug|Win32
		{AFEB519B-AFE2-4901-B388-B72BE7C6B762}.Debug|Win32.Deploy.0 = Debug|Win32
		{AFEB519B-AFE2-4901-B388-B72BE7C6B762}.Debug|x64.ActiveCfg = Debug|x64
		{AFEB519B-AFE2-4901-B388-B72BE7C6B762}.Debug|x64.Build.0 = Debug|x64
		{AFEB519B-AFE2-4901-B388-B72BE7C6B762}.Debug|x64.Deploy.0 = Debug|x64
		{AFEB519B-AFE2-4901-B388-B72BE7C6B762}.Release|Win32.ActiveCfg = Release|Win32
		{AFEB519B-AFE2-4901-B388-B72BE7C6B762}.Release|Win32.Build.0 = Release|Win32
		{AFEB519B-AFE2-4901-B388-B72BE7C6B762}.Release|Win32.Deploy.0 = Release|Win32
		{AFEB519B-AFE2-4901-B388-B72BE7C6B762}.Release|x64.ActiveCfg = Release|x64
		{AFEB519B-AFE2-4901-B388-B72BE7C6B762}.Release|x64.Build.0 = Release|x64
		{AFEB519B-AFE2-4901-B388-B72BE7C6B762}.Release|x64.Deploy.0 = Release|x64
		{CD9420A5-35C2-434D-8509-5079FA53E01E}.Debug|Win32.ActiveCfg = Debug|Win32
		{CD9420A5-35C2-434D-8509-5079FA53E01E}.Debug|Win32.Build.0 = Debug|Win32
		{CD9420A5-35C2-434D-8509-5079FA53E01E}.Debug|Win32.Deploy.0 = Debug|Win32
		{CD9420A5-35C2-434D-8509-5079FA53E01E}.Debug|x64.ActiveCfg = Debug|x64
		{CD9420A5-35C2-434D-8509-5079FA53E01E}.Debug|x64.Build.0 = Debug|x64
		{CD9420A5-35C2-434D-8509-5079FA53E01E}.Debug|x64.Deploy.0 = Debug|x64
		{CD9420A5-35C2-434D-8509-5079FA53E01E}.Release|Win32.ActiveCfg = Release|Win32
		{CD9420A5-35C2-434D-8509-5079FA53E01E}.Release|Win32.Build.0 = Release|Win32
		{CD9420A5-35C2-434D-8509-5079FA53E01E}.Release|Win32.Deploy.0 = Release|Win32
		{CD9420A5-35C2-434D-8509-5079FA53E01E}.Release|x64.ActiveCfg = Release|x64
		{CD9420A5-35C2-434D-8509-5079FA53E01E}.Release|x64.Build.0 = Release|x64
		{CD9420A5-35C2-434D-8509-5079FA53E01E}.Release|x64.Deploy.0 = Release|x64
	EndGlobalSection
	GlobalSection(SolutionProperties) = preSolution
		HideSolutionNode = FALSE
	EndGlobalSection
EndGlobal
