
Microsoft Visual Studio Solution File, Format Version 11.00
# Visual Studio 15
Project("{8BC9CEB8-8B4A-11D0-8D11-00A0C91BC942}") = "3d", "3d.vcxproj", "{5E2F9C8E-F716-4AD9-9DBD-A2FB7B59C150}"
EndProject
Project("{8BC9CEB8-8B4A-11D0-8D11-00A0C91BC942}") = "asyncio", "asyncio.vcxproj", "{758829EF-025D-4E41-8A39-03FE7FA2252C}"
EndProject
Project("{8BC9CEB8-8B4A-11D0-8D11-00A0C91BC942}") = "channel_groups", "channel_groups.vcxproj", "{B4090398-31E3-4793-8639-5380FAF3E63D}"
EndProject
Project("{8BC9CEB8-8B4A-11D0-8D11-00A0C91BC942}") = "convolution_reverb", "convolution_reverb.vcxproj", "{DBE30A41-D59A-4864-8FB0-206A9CE87665}"
EndProject
Project("{8BC9CEB8-8B4A-11D0-8D11-00A0C91BC942}") = "dsp_custom", "dsp_custom.vcxproj", "{9D4C3172-42CD-4A12-AB3D-713EA4C61145}"
EndProject
Project("{8BC9CEB8-8B4A-11D0-8D11-00A0C91BC942}") = "dsp_effect_per_speaker", "dsp_effect_per_speaker.vcxproj", "{BF074577-818F-43E6-95E5-FBF1F2AE3DBA}"
EndProject
Project("{8BC9CEB8-8B4A-11D0-8D11-00A0C91BC942}") = "dsp_inspector", "dsp_inspector.vcxproj", "{EA95E857-6876-4841-AE27-5E0BFC162E1A}"
EndProject
Project("{8BC9CEB8-8B4A-11D0-8D11-00A0C91BC942}") = "effects", "effects.vcxproj", "{BE0E06F1-E4AA-4219-8237-0ED2613080E2}"
EndProject
Project("{8BC9CEB8-8B4A-11D0-8D11-00A0C91BC942}") = "gapless_playback", "gapless_playback.vcxproj", "{6BCED6C4-B7DA-483A-ACB3-110FE35AD064}"
EndProject
Project("{8BC9CEB8-8B4A-11D0-8D11-00A0C91BC942}") = "generate_tone", "generate_tone.vcxproj", "{643E9E16-F81B-461B-8072-80264184490D}"
EndProject
Project("{8BC9CEB8-8B4A-11D0-8D11-00A0C91BC942}") = "granular_synth", "granular_synth.vcxproj", "{39FE3EC8-89E1-4FDA-B78F-ABA7F09BD6CD}"
EndProject
Project("{8BC9CEB8-8B4A-11D0-8D11-00A0C91BC942}") = "load_from_memory", "load_from_memory.vcxproj", "{69186E38-64F9-4915-867F-EA379CFC83A1}"
EndProject
Project("{8BC9CEB8-8B4A-11D0-8D11-00A0C91BC942}") = "multiple_speaker", "multiple_speaker.vcxproj", "{801B2BB4-AE97-4428-85CD-A2415FA1D775}"
EndProject
Project("{8BC9CEB8-8B4A-11D0-8D11-00A0C91BC942}") = "multiple_system", "multiple_system.vcxproj", "{7BBB4061-98DE-4247-921A-5BA2364C554D}"
EndProject
Project("{8BC9CEB8-8B4A-11D0-8D11-00A0C91BC942}") = "net_stream", "net_stream.vcxproj", "{503B4A94-42FA-4BCF-9C60-3D0930DA1D72}"
EndProject
Project("{8BC9CEB8-8B4A-11D0-8D11-00A0C91BC942}") = "play_sound", "play_sound.vcxproj", "{182AA5C3-50D5-427C-A998-D6E8A0105B10}"
EndProject
Project("{8BC9CEB8-8B4A-11D0-8D11-00A0C91BC942}") = "play_stream", "play_stream.vcxproj", "{0E3BDC65-BB68-4BC1-BD34-B9CBF94B70A6}"
EndProject
Project("{8BC9CEB8-8B4A-11D0-8D11-00A0C91BC942}") = "record", "record.vcxproj", "{B87DCFC2-0F73-4287-8058-F9B60D7F6795}"
EndProject
Project("{8BC9CEB8-8B4A-11D0-8D11-00A0C91BC942}") = "record_enumeration", "record_enumeration.vcxproj", "{76E208AC-5746-45B5-8331-5DC6DA8D746A}"
EndProject
Project("{8BC9CEB8-8B4A-11D0-8D11-00A0C91BC942}") = "user_created_sound", "user_created_sound.vcxproj", "{86D6C173-A6B5-49C7-8588-6C539E62222F}"
EndProject
Project("{8BC9CEB8-8B4A-11D0-8D11-00A0C91BC942}") = "fmod_codec_raw", "fmod_codec_raw.vcxproj", "{8BB544F6-4590-4919-8FB2-0BDCC0A93C33}"
EndProject
Project("{8BC9CEB8-8B4A-11D0-8D11-00A0C91BC942}") = "fmod_distance_filter", "fmod_distance_filter.vcxproj", "{69560946-F244-45F1-ACDB-7125C748B50D}"
EndProject
Project("{8BC9CEB8-8B4A-11D0-8D11-00A0C91BC942}") = "fmod_gain", "fmod_gain.vcxproj", "{9DB64A16-5920-478A-B5B9-6F30509805EB}"
EndProject
Project("{8BC9CEB8-8B4A-11D0-8D11-00A0C91BC942}") = "fmod_noise", "fmod_noise.vcxproj", "{EF251634-1961-4727-BB68-58E5CC957634}"
EndProject
Project("{8BC9CEB8-8B4A-11D0-8D11-00A0C91BC942}") = "output_mp3", "output_mp3.vcxproj", "{9EF7BE20-D754-4DB0-B4F1-AE3E8323B0F0}"
EndProject
Global
	GlobalSection(SolutionConfigurationPlatforms) = preSolution
		Debug|Win32 = Debug|Win32
		Debug|x64 = Debug|x64
		Release|Win32 = Release|Win32
		Release|x64 = Release|x64
	EndGlobalSection
	GlobalSection(ProjectConfigurationPlatforms) = postSolution
		{5E2F9C8E-F716-4AD9-9DBD-A2FB7B59C150}.Debug|Win32.ActiveCfg = Debug|Win32
		{5E2F9C8E-F716-4AD9-9DBD-A2FB7B59C150}.Debug|Win32.Build.0 = Debug|Win32
		{5E2F9C8E-F716-4AD9-9DBD-A2FB7B59C150}.Debug|Win32.Deploy.0 = Debug|Win32
		{5E2F9C8E-F716-4AD9-9DBD-A2FB7B59C150}.Debug|x64.ActiveCfg = Debug|x64
		{5E2F9C8E-F716-4AD9-9DBD-A2FB7B59C150}.Debug|x64.Build.0 = Debug|x64
		{5E2F9C8E-F716-4AD9-9DBD-A2FB7B59C150}.Debug|x64.Deploy.0 = Debug|x64
		{5E2F9C8E-F716-4AD9-9DBD-A2FB7B59C150}.Release|Win32.ActiveCfg = Release|Win32
		{5E2F9C8E-F716-4AD9-9DBD-A2FB7B59C150}.Release|Win32.Build.0 = Release|Win32
		{5E2F9C8E-F716-4AD9-9DBD-A2FB7B59C150}.Release|Win32.Deploy.0 = Release|Win32
		{5E2F9C8E-F716-4AD9-9DBD-A2FB7B59C150}.Release|x64.ActiveCfg = Release|x64
		{5E2F9C8E-F716-4AD9-9DBD-A2FB7B59C150}.Release|x64.Build.0 = Release|x64
		{5E2F9C8E-F716-4AD9-9DBD-A2FB7B59C150}.Release|x64.Deploy.0 = Release|x64
		{758829EF-025D-4E41-8A39-03FE7FA2252C}.Debug|Win32.ActiveCfg = Debug|Win32
		{758829EF-025D-4E41-8A39-03FE7FA2252C}.Debug|Win32.Build.0 = Debug|Win32
		{758829EF-025D-4E41-8A39-03FE7FA2252C}.Debug|Win32.Deploy.0 = Debug|Win32
		{758829EF-025D-4E41-8A39-03FE7FA2252C}.Debug|x64.ActiveCfg = Debug|x64
		{758829EF-025D-4E41-8A39-03FE7FA2252C}.Debug|x64.Build.0 = Debug|x64
		{758829EF-025D-4E41-8A39-03FE7FA2252C}.Debug|x64.Deploy.0 = Debug|x64
		{758829EF-025D-4E41-8A39-03FE7FA2252C}.Release|Win32.ActiveCfg = Release|Win32
		{758829EF-025D-4E41-8A39-03FE7FA2252C}.Release|Win32.Build.0 = Release|Win32
		{758829EF-025D-4E41-8A39-03FE7FA2252C}.Release|Win32.Deploy.0 = Release|Win32
		{758829EF-025D-4E41-8A39-03FE7FA2252C}.Release|x64.ActiveCfg = Release|x64
		{758829EF-025D-4E41-8A39-03FE7FA2252C}.Release|x64.Build.0 = Release|x64
		{758829EF-025D-4E41-8A39-03FE7FA2252C}.Release|x64.Deploy.0 = Release|x64
		{B4090398-31E3-4793-8639-5380FAF3E63D}.Debug|Win32.ActiveCfg = Debug|Win32
		{B4090398-31E3-4793-8639-5380FAF3E63D}.Debug|Win32.Build.0 = Debug|Win32
		{B4090398-31E3-4793-8639-5380FAF3E63D}.Debug|Win32.Deploy.0 = Debug|Win32
		{B4090398-31E3-4793-8639-5380FAF3E63D}.Debug|x64.ActiveCfg = Debug|x64
		{B4090398-31E3-4793-8639-5380FAF3E63D}.Debug|x64.Build.0 = Debug|x64
		{B4090398-31E3-4793-8639-5380FAF3E63D}.Debug|x64.Deploy.0 = Debug|x64
		{B4090398-31E3-4793-8639-5380FAF3E63D}.Release|Win32.ActiveCfg = Release|Win32
		{B4090398-31E3-4793-8639-5380FAF3E63D}.Release|Win32.Build.0 = Release|Win32
		{B4090398-31E3-4793-8639-5380FAF3E63D}.Release|Win32.Deploy.0 = Release|Win32
		{B4090398-31E3-4793-8639-5380FAF3E63D}.Release|x64.ActiveCfg = Release|x64
		{B4090398-31E3-4793-8639-5380FAF3E63D}.Release|x64.Build.0 = Release|x64
		{B4090398-31E3-4793-8639-5380FAF3E63D}.Release|x64.Deploy.0 = Release|x64
		{DBE30A41-D59A-4864-8FB0-206A9CE87665}.Debug|Win32.ActiveCfg = Debug|Win32
		{DBE30A41-D59A-4864-8FB0-206A9CE87665}.Debug|Win32.Build.0 = Debug|Win32
		{DBE30A41-D59A-4864-8FB0-206A9CE87665}.Debug|Win32.Deploy.0 = Debug|Win32
		{DBE30A41-D59A-4864-8FB0-206A9CE87665}.Debug|x64.ActiveCfg = Debug|x64
		{DBE30A41-D59A-4864-8FB0-206A9CE87665}.Debug|x64.Build.0 = Debug|x64
		{DBE30A41-D59A-4864-8FB0-206A9CE87665}.Debug|x64.Deploy.0 = Debug|x64
		{DBE30A41-D59A-4864-8FB0-206A9CE87665}.Release|Win32.ActiveCfg = Release|Win32
		{DBE30A41-D59A-4864-8FB0-206A9CE87665}.Release|Win32.Build.0 = Release|Win32
		{DBE30A41-D59A-4864-8FB0-206A9CE87665}.Release|Win32.Deploy.0 = Release|Win32
		{DBE30A41-D59A-4864-8FB0-206A9CE87665}.Release|x64.ActiveCfg = Release|x64
		{DBE30A41-D59A-4864-8FB0-206A9CE87665}.Release|x64.Build.0 = Release|x64
		{DBE30A41-D59A-4864-8FB0-206A9CE87665}.Release|x64.Deploy.0 = Release|x64
		{9D4C3172-42CD-4A12-AB3D-713EA4C61145}.Debug|Win32.ActiveCfg = Debug|Win32
		{9D4C3172-42CD-4A12-AB3D-713EA4C61145}.Debug|Win32.Build.0 = Debug|Win32
		{9D4C3172-42CD-4A12-AB3D-713EA4C61145}.Debug|Win32.Deploy.0 = Debug|Win32
		{9D4C3172-42CD-4A12-AB3D-713EA4C61145}.Debug|x64.ActiveCfg = Debug|x64
		{9D4C3172-42CD-4A12-AB3D-713EA4C61145}.Debug|x64.Build.0 = Debug|x64
		{9D4C3172-42CD-4A12-AB3D-713EA4C61145}.Debug|x64.Deploy.0 = Debug|x64
		{9D4C3172-42CD-4A12-AB3D-713EA4C61145}.Release|Win32.ActiveCfg = Release|Win32
		{9D4C3172-42CD-4A12-AB3D-713EA4C61145}.Release|Win32.Build.0 = Release|Win32
		{9D4C3172-42CD-4A12-AB3D-713EA4C61145}.Release|Win32.Deploy.0 = Release|Win32
		{9D4C3172-42CD-4A12-AB3D-713EA4C61145}.Release|x64.ActiveCfg = Release|x64
		{9D4C3172-42CD-4A12-AB3D-713EA4C61145}.Release|x64.Build.0 = Release|x64
		{9D4C3172-42CD-4A12-AB3D-713EA4C61145}.Release|x64.Deploy.0 = Release|x64
		{BF074577-818F-43E6-95E5-FBF1F2AE3DBA}.Debug|Win32.ActiveCfg = Debug|Win32
		{BF074577-818F-43E6-95E5-FBF1F2AE3DBA}.Debug|Win32.Build.0 = Debug|Win32
		{BF074577-818F-43E6-95E5-FBF1F2AE3DBA}.Debug|Win32.Deploy.0 = Debug|Win32
		{BF074577-818F-43E6-95E5-FBF1F2AE3DBA}.Debug|x64.ActiveCfg = Debug|x64
		{BF074577-818F-43E6-95E5-FBF1F2AE3DBA}.Debug|x64.Build.0 = Debug|x64
		{BF074577-818F-43E6-95E5-FBF1F2AE3DBA}.Debug|x64.Deploy.0 = Debug|x64
		{BF074577-818F-43E6-95E5-FBF1F2AE3DBA}.Release|Win32.ActiveCfg = Release|Win32
		{BF074577-818F-43E6-95E5-FBF1F2AE3DBA}.Release|Win32.Build.0 = Release|Win32
		{BF074577-818F-43E6-95E5-FBF1F2AE3DBA}.Release|Win32.Deploy.0 = Release|Win32
		{BF074577-818F-43E6-95E5-FBF1F2AE3DBA}.Release|x64.ActiveCfg = Release|x64
		{BF074577-818F-43E6-95E5-FBF1F2AE3DBA}.Release|x64.Build.0 = Release|x64
		{BF074577-818F-43E6-95E5-FBF1F2AE3DBA}.Release|x64.Deploy.0 = Release|x64
		{EA95E857-6876-4841-AE27-5E0BFC162E1A}.Debug|Win32.ActiveCfg = Debug|Win32
		{EA95E857-6876-4841-AE27-5E0BFC162E1A}.Debug|Win32.Build.0 = Debug|Win32
		{EA95E857-6876-4841-AE27-5E0BFC162E1A}.Debug|Win32.Deploy.0 = Debug|Win32
		{EA95E857-6876-4841-AE27-5E0BFC162E1A}.Debug|x64.ActiveCfg = Debug|x64
		{EA95E857-6876-4841-AE27-5E0BFC162E1A}.Debug|x64.Build.0 = Debug|x64
		{EA95E857-6876-4841-AE27-5E0BFC162E1A}.Debug|x64.Deploy.0 = Debug|x64
		{EA95E857-6876-4841-AE27-5E0BFC162E1A}.Release|Win32.ActiveCfg = Release|Win32
		{EA95E857-6876-4841-AE27-5E0BFC162E1A}.Release|Win32.Build.0 = Release|Win32
		{EA95E857-6876-4841-AE27-5E0BFC162E1A}.Release|Win32.Deploy.0 = Release|Win32
		{EA95E857-6876-4841-AE27-5E0BFC162E1A}.Release|x64.ActiveCfg = Release|x64
		{EA95E857-6876-4841-AE27-5E0BFC162E1A}.Release|x64.Build.0 = Release|x64
		{EA95E857-6876-4841-AE27-5E0BFC162E1A}.Release|x64.Deploy.0 = Release|x64
		{BE0E06F1-E4AA-4219-8237-0ED2613080E2}.Debug|Win32.ActiveCfg = Debug|Win32
		{BE0E06F1-E4AA-4219-8237-0ED2613080E2}.Debug|Win32.Build.0 = Debug|Win32
		{BE0E06F1-E4AA-4219-8237-0ED2613080E2}.Debug|Win32.Deploy.0 = Debug|Win32
		{BE0E06F1-E4AA-4219-8237-0ED2613080E2}.Debug|x64.ActiveCfg = Debug|x64
		{BE0E06F1-E4AA-4219-8237-0ED2613080E2}.Debug|x64.Build.0 = Debug|x64
		{BE0E06F1-E4AA-4219-8237-0ED2613080E2}.Debug|x64.Deploy.0 = Debug|x64
		{BE0E06F1-E4AA-4219-8237-0ED2613080E2}.Release|Win32.ActiveCfg = Release|Win32
		{BE0E06F1-E4AA-4219-8237-0ED2613080E2}.Release|Win32.Build.0 = Release|Win32
		{BE0E06F1-E4AA-4219-8237-0ED2613080E2}.Release|Win32.Deploy.0 = Release|Win32
		{BE0E06F1-E4AA-4219-8237-0ED2613080E2}.Release|x64.ActiveCfg = Release|x64
		{BE0E06F1-E4AA-4219-8237-0ED2613080E2}.Release|x64.Build.0 = Release|x64
		{BE0E06F1-E4AA-4219-8237-0ED2613080E2}.Release|x64.Deploy.0 = Release|x64
		{6BCED6C4-B7DA-483A-ACB3-110FE35AD064}.Debug|Win32.ActiveCfg = Debug|Win32
		{6BCED6C4-B7DA-483A-ACB3-110FE35AD064}.Debug|Win32.Build.0 = Debug|Win32
		{6BCED6C4-B7DA-483A-ACB3-110FE35AD064}.Debug|Win32.Deploy.0 = Debug|Win32
		{6BCED6C4-B7DA-483A-ACB3-110FE35AD064}.Debug|x64.ActiveCfg = Debug|x64
		{6BCED6C4-B7DA-483A-ACB3-110FE35AD064}.Debug|x64.Build.0 = Debug|x64
		{6BCED6C4-B7DA-483A-ACB3-110FE35AD064}.Debug|x64.Deploy.0 = Debug|x64
		{6BCED6C4-B7DA-483A-ACB3-110FE35AD064}.Release|Win32.ActiveCfg = Release|Win32
		{6BCED6C4-B7DA-483A-ACB3-110FE35AD064}.Release|Win32.Build.0 = Release|Win32
		{6BCED6C4-B7DA-483A-ACB3-110FE35AD064}.Release|Win32.Deploy.0 = Release|Win32
		{6BCED6C4-B7DA-483A-ACB3-110FE35AD064}.Release|x64.ActiveCfg = Release|x64
		{6BCED6C4-B7DA-483A-ACB3-110FE35AD064}.Release|x64.Build.0 = Release|x64
		{6BCED6C4-B7DA-483A-ACB3-110FE35AD064}.Release|x64.Deploy.0 = Release|x64
		{643E9E16-F81B-461B-8072-80264184490D}.Debug|Win32.ActiveCfg = Debug|Win32
		{643E9E16-F81B-461B-8072-80264184490D}.Debug|Win32.Build.0 = Debug|Win32
		{643E9E16-F81B-461B-8072-80264184490D}.Debug|Win32.Deploy.0 = Debug|Win32
		{643E9E16-F81B-461B-8072-80264184490D}.Debug|x64.ActiveCfg = Debug|x64
		{643E9E16-F81B-461B-8072-80264184490D}.Debug|x64.Build.0 = Debug|x64
		{643E9E16-F81B-461B-8072-80264184490D}.Debug|x64.Deploy.0 = Debug|x64
		{643E9E16-F81B-461B-8072-80264184490D}.Release|Win32.ActiveCfg = Release|Win32
		{643E9E16-F81B-461B-8072-80264184490D}.Release|Win32.Build.0 = Release|Win32
		{643E9E16-F81B-461B-8072-80264184490D}.Release|Win32.Deploy.0 = Release|Win32
		{643E9E16-F81B-461B-8072-80264184490D}.Release|x64.ActiveCfg = Release|x64
		{643E9E16-F81B-461B-8072-80264184490D}.Release|x64.Build.0 = Release|x64
		{643E9E16-F81B-461B-8072-80264184490D}.Release|x64.Deploy.0 = Release|x64
		{39FE3EC8-89E1-4FDA-B78F-ABA7F09BD6CD}.Debug|Win32.ActiveCfg = Debug|Win32
		{39FE3EC8-89E1-4FDA-B78F-ABA7F09BD6CD}.Debug|Win32.Build.0 = Debug|Win32
		{39FE3EC8-89E1-4FDA-B78F-ABA7F09BD6CD}.Debug|Win32.Deploy.0 = Debug|Win32
		{39FE3EC8-89E1-4FDA-B78F-ABA7F09BD6CD}.Debug|x64.ActiveCfg = Debug|x64
		{39FE3EC8-89E1-4FDA-B78F-ABA7F09BD6CD}.Debug|x64.Build.0 = Debug|x64
		{39FE3EC8-89E1-4FDA-B78F-ABA7F09BD6CD}.Debug|x64.Deploy.0 = Debug|x64
		{39FE3EC8-89E1-4FDA-B78F-ABA7F09BD6CD}.Release|Win32.ActiveCfg = Release|Win32
		{39FE3EC8-89E1-4FDA-B78F-ABA7F09BD6CD}.Release|Win32.Build.0 = Release|Win32
		{39FE3EC8-89E1-4FDA-B78F-ABA7F09BD6CD}.Release|Win32.Deploy.0 = Release|Win32
		{39FE3EC8-89E1-4FDA-B78F-ABA7F09BD6CD}.Release|x64.ActiveCfg = Release|x64
		{39FE3EC8-89E1-4FDA-B78F-ABA7F09BD6CD}.Release|x64.Build.0 = Release|x64
		{39FE3EC8-89E1-4FDA-B78F-ABA7F09BD6CD}.Release|x64.Deploy.0 = Release|x64
		{69186E38-64F9-4915-867F-EA379CFC83A1}.Debug|Win32.ActiveCfg = Debug|Win32
		{69186E38-64F9-4915-867F-EA379CFC83A1}.Debug|Win32.Build.0 = Debug|Win32
		{69186E38-64F9-4915-867F-EA379CFC83A1}.Debug|Win32.Deploy.0 = Debug|Win32
		{69186E38-64F9-4915-867F-EA379CFC83A1}.Debug|x64.ActiveCfg = Debug|x64
		{69186E38-64F9-4915-867F-EA379CFC83A1}.Debug|x64.Build.0 = Debug|x64
		{69186E38-64F9-4915-867F-EA379CFC83A1}.Debug|x64.Deploy.0 = Debug|x64
		{69186E38-64F9-4915-867F-EA379CFC83A1}.Release|Win32.ActiveCfg = Release|Win32
		{69186E38-64F9-4915-867F-EA379CFC83A1}.Release|Win32.Build.0 = Release|Win32
		{69186E38-64F9-4915-867F-EA379CFC83A1}.Release|Win32.Deploy.0 = Release|Win32
		{69186E38-64F9-4915-867F-EA379CFC83A1}.Release|x64.ActiveCfg = Release|x64
		{69186E38-64F9-4915-867F-EA379CFC83A1}.Release|x64.Build.0 = Release|x64
		{69186E38-64F9-4915-867F-EA379CFC83A1}.Release|x64.Deploy.0 = Release|x64
		{801B2BB4-AE97-4428-85CD-A2415FA1D775}.Debug|Win32.ActiveCfg = Debug|Win32
		{801B2BB4-AE97-4428-85CD-A2415FA1D775}.Debug|Win32.Build.0 = Debug|Win32
		{801B2BB4-AE97-4428-85CD-A2415FA1D775}.Debug|Win32.Deploy.0 = Debug|Win32
		{801B2BB4-AE97-4428-85CD-A2415FA1D775}.Debug|x64.ActiveCfg = Debug|x64
		{801B2BB4-AE97-4428-85CD-A2415FA1D775}.Debug|x64.Build.0 = Debug|x64
		{801B2BB4-AE97-4428-85CD-A2415FA1D775}.Debug|x64.Deploy.0 = Debug|x64
		{801B2BB4-AE97-4428-85CD-A2415FA1D775}.Release|Win32.ActiveCfg = Release|Win32
		{801B2BB4-AE97-4428-85CD-A2415FA1D775}.Release|Win32.Build.0 = Release|Win32
		{801B2BB4-AE97-4428-85CD-A2415FA1D775}.Release|Win32.Deploy.0 = Release|Win32
		{801B2BB4-AE97-4428-85CD-A2415FA1D775}.Release|x64.ActiveCfg = Release|x64
		{801B2BB4-AE97-4428-85CD-A2415FA1D775}.Release|x64.Build.0 = Release|x64
		{801B2BB4-AE97-4428-85CD-A2415FA1D775}.Release|x64.Deploy.0 = Release|x64
		{7BBB4061-98DE-4247-921A-5BA2364C554D}.Debug|Win32.ActiveCfg = Debug|Win32
		{7BBB4061-98DE-4247-921A-5BA2364C554D}.Debug|Win32.Build.0 = Debug|Win32
		{7BBB4061-98DE-4247-921A-5BA2364C554D}.Debug|Win32.Deploy.0 = Debug|Win32
		{7BBB4061-98DE-4247-921A-5BA2364C554D}.Debug|x64.ActiveCfg = Debug|x64
		{7BBB4061-98DE-4247-921A-5BA2364C554D}.Debug|x64.Build.0 = Debug|x64
		{7BBB4061-98DE-4247-921A-5BA2364C554D}.Debug|x64.Deploy.0 = Debug|x64
		{7BBB4061-98DE-4247-921A-5BA2364C554D}.Release|Win32.ActiveCfg = Release|Win32
		{7BBB4061-98DE-4247-921A-5BA2364C554D}.Release|Win32.Build.0 = Release|Win32
		{7BBB4061-98DE-4247-921A-5BA2364C554D}.Release|Win32.Deploy.0 = Release|Win32
		{7BBB4061-98DE-4247-921A-5BA2364C554D}.Release|x64.ActiveCfg = Release|x64
		{7BBB4061-98DE-4247-921A-5BA2364C554D}.Release|x64.Build.0 = Release|x64
		{7BBB4061-98DE-4247-921A-5BA2364C554D}.Release|x64.Deploy.0 = Release|x64
		{503B4A94-42FA-4BCF-9C60-3D0930DA1D72}.Debug|Win32.ActiveCfg = Debug|Win32
		{503B4A94-42FA-4BCF-9C60-3D0930DA1D72}.Debug|Win32.Build.0 = Debug|Win32
		{503B4A94-42FA-4BCF-9C60-3D0930DA1D72}.Debug|Win32.Deploy.0 = Debug|Win32
		{503B4A94-42FA-4BCF-9C60-3D0930DA1D72}.Debug|x64.ActiveCfg = Debug|x64
		{503B4A94-42FA-4BCF-9C60-3D0930DA1D72}.Debug|x64.Build.0 = Debug|x64
		{503B4A94-42FA-4BCF-9C60-3D0930DA1D72}.Debug|x64.Deploy.0 = Debug|x64
		{503B4A94-42FA-4BCF-9C60-3D0930DA1D72}.Release|Win32.ActiveCfg = Release|Win32
		{503B4A94-42FA-4BCF-9C60-3D0930DA1D72}.Release|Win32.Build.0 = Release|Win32
		{503B4A94-42FA-4BCF-9C60-3D0930DA1D72}.Release|Win32.Deploy.0 = Release|Win32
		{503B4A94-42FA-4BCF-9C60-3D0930DA1D72}.Release|x64.ActiveCfg = Release|x64
		{503B4A94-42FA-4BCF-9C60-3D0930DA1D72}.Release|x64.Build.0 = Release|x64
		{503B4A94-42FA-4BCF-9C60-3D0930DA1D72}.Release|x64.Deploy.0 = Release|x64
		{182AA5C3-50D5-427C-A998-D6E8A0105B10}.Debug|Win32.ActiveCfg = Debug|Win32
		{182AA5C3-50D5-427C-A998-D6E8A0105B10}.Debug|Win32.Build.0 = Debug|Win32
		{182AA5C3-50D5-427C-A998-D6E8A0105B10}.Debug|Win32.Deploy.0 = Debug|Win32
		{182AA5C3-50D5-427C-A998-D6E8A0105B10}.Debug|x64.ActiveCfg = Debug|x64
		{182AA5C3-50D5-427C-A998-D6E8A0105B10}.Debug|x64.Build.0 = Debug|x64
		{182AA5C3-50D5-427C-A998-D6E8A0105B10}.Debug|x64.Deploy.0 = Debug|x64
		{182AA5C3-50D5-427C-A998-D6E8A0105B10}.Release|Win32.ActiveCfg = Release|Win32
		{182AA5C3-50D5-427C-A998-D6E8A0105B10}.Release|Win32.Build.0 = Release|Win32
		{182AA5C3-50D5-427C-A998-D6E8A0105B10}.Release|Win32.Deploy.0 = Release|Win32
		{182AA5C3-50D5-427C-A998-D6E8A0105B10}.Release|x64.ActiveCfg = Release|x64
		{182AA5C3-50D5-427C-A998-D6E8A0105B10}.Release|x64.Build.0 = Release|x64
		{182AA5C3-50D5-427C-A998-D6E8A0105B10}.Release|x64.Deploy.0 = Release|x64
		{0E3BDC65-BB68-4BC1-BD34-B9CBF94B70A6}.Debug|Win32.ActiveCfg = Debug|Win32
		{0E3BDC65-BB68-4BC1-BD34-B9CBF94B70A6}.Debug|Win32.Build.0 = Debug|Win32
		{0E3BDC65-BB68-4BC1-BD34-B9CBF94B70A6}.Debug|Win32.Deploy.0 = Debug|Win32
		{0E3BDC65-BB68-4BC1-BD34-B9CBF94B70A6}.Debug|x64.ActiveCfg = Debug|x64
		{0E3BDC65-BB68-4BC1-BD34-B9CBF94B70A6}.Debug|x64.Build.0 = Debug|x64
		{0E3BDC65-BB68-4BC1-BD34-B9CBF94B70A6}.Debug|x64.Deploy.0 = Debug|x64
		{0E3BDC65-BB68-4BC1-BD34-B9CBF94B70A6}.Release|Win32.ActiveCfg = Release|Win32
		{0E3BDC65-BB68-4BC1-BD34-B9CBF94B70A6}.Release|Win32.Build.0 = Release|Win32
		{0E3BDC65-BB68-4BC1-BD34-B9CBF94B70A6}.Release|Win32.Deploy.0 = Release|Win32
		{0E3BDC65-BB68-4BC1-BD34-B9CBF94B70A6}.Release|x64.ActiveCfg = Release|x64
		{0E3BDC65-BB68-4BC1-BD34-B9CBF94B70A6}.Release|x64.Build.0 = Release|x64
		{0E3BDC65-BB68-4BC1-BD34-B9CBF94B70A6}.Release|x64.Deploy.0 = Release|x64
		{B87DCFC2-0F73-4287-8058-F9B60D7F6795}.Debug|Win32.ActiveCfg = Debug|Win32
		{B87DCFC2-0F73-4287-8058-F9B60D7F6795}.Debug|Win32.Build.0 = Debug|Win32
		{B87DCFC2-0F73-4287-8058-F9B60D7F6795}.Debug|Win32.Deploy.0 = Debug|Win32
		{B87DCFC2-0F73-4287-8058-F9B60D7F6795}.Debug|x64.ActiveCfg = Debug|x64
		{B87DCFC2-0F73-4287-8058-F9B60D7F6795}.Debug|x64.Build.0 = Debug|x64
		{B87DCFC2-0F73-4287-8058-F9B60D7F6795}.Debug|x64.Deploy.0 = Debug|x64
		{B87DCFC2-0F73-4287-8058-F9B60D7F6795}.Release|Win32.ActiveCfg = Release|Win32
		{B87DCFC2-0F73-4287-8058-F9B60D7F6795}.Release|Win32.Build.0 = Release|Win32
		{B87DCFC2-0F73-4287-8058-F9B60D7F6795}.Release|Win32.Deploy.0 = Release|Win32
		{B87DCFC2-0F73-4287-8058-F9B60D7F6795}.Release|x64.ActiveCfg = Release|x64
		{B87DCFC2-0F73-4287-8058-F9B60D7F6795}.Release|x64.Build.0 = Release|x64
		{B87DCFC2-0F73-4287-8058-F9B60D7F6795}.Release|x64.Deploy.0 = Release|x64
		{76E208AC-5746-45B5-8331-5DC6DA8D746A}.Debug|Win32.ActiveCfg = Debug|Win32
		{76E208AC-5746-45B5-8331-5DC6DA8D746A}.Debug|Win32.Build.0 = Debug|Win32
		{76E208AC-5746-45B5-8331-5DC6DA8D746A}.Debug|Win32.Deploy.0 = Debug|Win32
		{76E208AC-5746-45B5-8331-5DC6DA8D746A}.Debug|x64.ActiveCfg = Debug|x64
		{76E208AC-5746-45B5-8331-5DC6DA8D746A}.Debug|x64.Build.0 = Debug|x64
		{76E208AC-5746-45B5-8331-5DC6DA8D746A}.Debug|x64.Deploy.0 = Debug|x64
		{76E208AC-5746-45B5-8331-5DC6DA8D746A}.Release|Win32.ActiveCfg = Release|Win32
		{76E208AC-5746-45B5-8331-5DC6DA8D746A}.Release|Win32.Build.0 = Release|Win32
		{76E208AC-5746-45B5-8331-5DC6DA8D746A}.Release|Win32.Deploy.0 = Release|Win32
		{76E208AC-5746-45B5-8331-5DC6DA8D746A}.Release|x64.ActiveCfg = Release|x64
		{76E208AC-5746-45B5-8331-5DC6DA8D746A}.Release|x64.Build.0 = Release|x64
		{76E208AC-5746-45B5-8331-5DC6DA8D746A}.Release|x64.Deploy.0 = Release|x64
		{86D6C173-A6B5-49C7-8588-6C539E62222F}.Debug|Win32.ActiveCfg = Debug|Win32
		{86D6C173-A6B5-49C7-8588-6C539E62222F}.Debug|Win32.Build.0 = Debug|Win32
		{86D6C173-A6B5-49C7-8588-6C539E62222F}.Debug|Win32.Deploy.0 = Debug|Win32
		{86D6C173-A6B5-49C7-8588-6C539E62222F}.Debug|x64.ActiveCfg = Debug|x64
		{86D6C173-A6B5-49C7-8588-6C539E62222F}.Debug|x64.Build.0 = Debug|x64
		{86D6C173-A6B5-49C7-8588-6C539E62222F}.Debug|x64.Deploy.0 = Debug|x64
		{86D6C173-A6B5-49C7-8588-6C539E62222F}.Release|Win32.ActiveCfg = Release|Win32
		{86D6C173-A6B5-49C7-8588-6C539E62222F}.Release|Win32.Build.0 = Release|Win32
		{86D6C173-A6B5-49C7-8588-6C539E62222F}.Release|Win32.Deploy.0 = Release|Win32
		{86D6C173-A6B5-49C7-8588-6C539E62222F}.Release|x64.ActiveCfg = Release|x64
		{86D6C173-A6B5-49C7-8588-6C539E62222F}.Release|x64.Build.0 = Release|x64
		{86D6C173-A6B5-49C7-8588-6C539E62222F}.Release|x64.Deploy.0 = Release|x64
		{8BB544F6-4590-4919-8FB2-0BDCC0A93C33}.Debug|Win32.ActiveCfg = Debug|Win32
		{8BB544F6-4590-4919-8FB2-0BDCC0A93C33}.Debug|Win32.Build.0 = Debug|Win32
		{8BB544F6-4590-4919-8FB2-0BDCC0A93C33}.Debug|Win32.Deploy.0 = Debug|Win32
		{8BB544F6-4590-4919-8FB2-0BDCC0A93C33}.Debug|x64.ActiveCfg = Debug|x64
		{8BB544F6-4590-4919-8FB2-0BDCC0A93C33}.Debug|x64.Build.0 = Debug|x64
		{8BB544F6-4590-4919-8FB2-0BDCC0A93C33}.Debug|x64.Deploy.0 = Debug|x64
		{8BB544F6-4590-4919-8FB2-0BDCC0A93C33}.Release|Win32.ActiveCfg = Release|Win32
		{8BB544F6-4590-4919-8FB2-0BDCC0A93C33}.Release|Win32.Build.0 = Release|Win32
		{8BB544F6-4590-4919-8FB2-0BDCC0A93C33}.Release|Win32.Deploy.0 = Release|Win32
		{8BB544F6-4590-4919-8FB2-0BDCC0A93C33}.Release|x64.ActiveCfg = Release|x64
		{8BB544F6-4590-4919-8FB2-0BDCC0A93C33}.Release|x64.Build.0 = Release|x64
		{8BB544F6-4590-4919-8FB2-0BDCC0A93C33}.Release|x64.Deploy.0 = Release|x64
		{69560946-F244-45F1-ACDB-7125C748B50D}.Debug|Win32.ActiveCfg = Debug|Win32
		{69560946-F244-45F1-ACDB-7125C748B50D}.Debug|Win32.Build.0 = Debug|Win32
		{69560946-F244-45F1-ACDB-7125C748B50D}.Debug|Win32.Deploy.0 = Debug|Win32
		{69560946-F244-45F1-ACDB-7125C748B50D}.Debug|x64.ActiveCfg = Debug|x64
		{69560946-F244-45F1-ACDB-7125C748B50D}.Debug|x64.Build.0 = Debug|x64
		{69560946-F244-45F1-ACDB-7125C748B50D}.Debug|x64.Deploy.0 = Debug|x64
		{69560946-F244-45F1-ACDB-7125C748B50D}.Release|Win32.ActiveCfg = Release|Win32
		{69560946-F244-45F1-ACDB-7125C748B50D}.Release|Win32.Build.0 = Release|Win32
		{69560946-F244-45F1-ACDB-7125C748B50D}.Release|Win32.Deploy.0 = Release|Win32
		{69560946-F244-45F1-ACDB-7125C748B50D}.Release|x64.ActiveCfg = Release|x64
		{69560946-F244-45F1-ACDB-7125C748B50D}.Release|x64.Build.0 = Release|x64
		{69560946-F244-45F1-ACDB-7125C748B50D}.Release|x64.Deploy.0 = Release|x64
		{9DB64A16-5920-478A-B5B9-6F30509805EB}.Debug|Win32.ActiveCfg = Debug|Win32
		{9DB64A16-5920-478A-B5B9-6F30509805EB}.Debug|Win32.Build.0 = Debug|Win32
		{9DB64A16-5920-478A-B5B9-6F30509805EB}.Debug|Win32.Deploy.0 = Debug|Win32
		{9DB64A16-5920-478A-B5B9-6F30509805EB}.Debug|x64.ActiveCfg = Debug|x64
		{9DB64A16-5920-478A-B5B9-6F30509805EB}.Debug|x64.Build.0 = Debug|x64
		{9DB64A16-5920-478A-B5B9-6F30509805EB}.Debug|x64.Deploy.0 = Debug|x64
		{9DB64A16-5920-478A-B5B9-6F30509805EB}.Release|Win32.ActiveCfg = Release|Win32
		{9DB64A16-5920-478A-B5B9-6F30509805EB}.Release|Win32.Build.0 = Release|Win32
		{9DB64A16-5920-478A-B5B9-6F30509805EB}.Release|Win32.Deploy.0 = Release|Win32
		{9DB64A16-5920-478A-B5B9-6F30509805EB}.Release|x64.ActiveCfg = Release|x64
		{9DB64A16-5920-478A-B5B9-6F30509805EB}.Release|x64.Build.0 = Release|x64
		{9DB64A16-5920-478A-B5B9-6F30509805EB}.Release|x64.Deploy.0 = Release|x64
		{EF251634-1961-4727-BB68-58E5CC957634}.Debug|Win32.ActiveCfg = Debug|Win32
		{EF251634-1961-4727-BB68-58E5CC957634}.Debug|Win32.Build.0 = Debug|Win32
		{EF251634-1961-4727-BB68-58E5CC957634}.Debug|Win32.Deploy.0 = Debug|Win32
		{EF251634-1961-4727-BB68-58E5CC957634}.Debug|x64.ActiveCfg = Debug|x64
		{EF251634-1961-4727-BB68-58E5CC957634}.Debug|x64.Build.0 = Debug|x64
		{EF251634-1961-4727-BB68-58E5CC957634}.Debug|x64.Deploy.0 = Debug|x64
		{EF251634-1961-4727-BB68-58E5CC957634}.Release|Win32.ActiveCfg = Release|Win32
		{EF251634-1961-4727-BB68-58E5CC957634}.Release|Win32.Build.0 = Release|Win32
		{EF251634-1961-4727-BB68-58E5CC957634}.Release|Win32.Deploy.0 = Release|Win32
		{EF251634-1961-4727-BB68-58E5CC957634}.Release|x64.ActiveCfg = Release|x64
		{EF251634-1961-4727-BB68-58E5CC957634}.Release|x64.Build.0 = Release|x64
		{EF251634-1961-4727-BB68-58E5CC957634}.Release|x64.Deploy.0 = Release|x64
		{9EF7BE20-D754-4DB0-B4F1-AE3E8323B0F0}.Debug|Win32.ActiveCfg = Debug|Win32
		{9EF7BE20-D754-4DB0-B4F1-AE3E8323B0F0}.Debug|Win32.Build.0 = Debug|Win32
		{9EF7BE20-D754-4DB0-B4F1-AE3E8323B0F0}.Debug|Win32.Deploy.0 = Debug|Win32
		{9EF7BE20-D754-4DB0-B4F1-AE3E8323B0F0}.Debug|x64.ActiveCfg = Debug|x64
		{9EF7BE20-D754-4DB0-B4F1-AE3E8323B0F0}.Debug|x64.Build.0 = Debug|x64
		{9EF7BE20-D754-4DB0-B4F1-AE3E8323B0F0}.Debug|x64.Deploy.0 = Debug|x64
		{9EF7BE20-D754-4DB0-B4F1-AE3E8323B0F0}.Release|Win32.ActiveCfg = Release|Win32
		{9EF7BE20-D754-4DB0-B4F1-AE3E8323B0F0}.Release|Win32.Build.0 = Release|Win32
		{9EF7BE20-D754-4DB0-B4F1-AE3E8323B0F0}.Release|Win32.Deploy.0 = Release|Win32
		{9EF7BE20-D754-4DB0-B4F1-AE3E8323B0F0}.Release|x64.ActiveCfg = Release|x64
		{9EF7BE20-D754-4DB0-B4F1-AE3E8323B0F0}.Release|x64.Build.0 = Release|x64
		{9EF7BE20-D754-4DB0-B4F1-AE3E8323B0F0}.Release|x64.Deploy.0 = Release|x64
	EndGlobalSection
	GlobalSection(SolutionProperties) = preSolution
		HideSolutionNode = FALSE
	EndGlobalSection
EndGlobal
